<?xml version="1.0" encoding="UTF-8" standalone="yes" ?>
<CodeBlocks_project_file>
	<FileVersion major="1" minor="6" />
	<Project>
		<Option title="asciigame" />
		<Option pch_mode="2" />
		<Option compiler="gcc" />
		<Build>
			<Target title="Debug">
				<Option output="bin/Debug/asciigame" prefix_auto="1" extension_auto="1" />
				<Option object_output="obj/Debug/" />
				<Option type="1" />
				<Option compiler="gcc" />
				<Compiler>
					<Add option="-g" />
				</Compiler>
			</Target>
			<Target title="Release">
				<Option output="bin/Release/asciigame" prefix_auto="1" extension_auto="1" />
				<Option object_output="obj/Release/" />
				<Option type="1" />
				<Option compiler="gcc" />
				<Compiler>
					<Add option="-O2" />
				</Compiler>
				<Linker>
					<Add option="-s" />
				</Linker>
			</Target>
		</Build>
		<Compiler>
			<Add option="-Wall" />
			<Add option="-fexceptions" />
		</Compiler>
		<Unit filename="Bomb.hpp" />
		<Unit filename="Enemy.hpp" />
		<Unit filename="ErrNoMoney.hpp" />
		<Unit filename="Interface.hpp" />
		<Unit filename="InvIndexError.hpp" />
		<Unit filename="Item.hpp" />
		<Unit filename="Knight.hpp" />
		<Unit filename="Location.hpp" />
		<Unit filename="Player.hpp" />
		<Unit filename="Potion.hpp" />
		<Unit filename="Snake.hpp" />
		<Unit filename="Wasp.hpp" />
		<Unit filename="WrongInput.hpp" />
		<Unit filename="main.cpp" />
		<Extensions>
			<lib_finder disable_auto="1" />
		</Extensions>
	</Project>
</CodeBlocks_project_file>
